
Microsoft Visual Studio Solution File, Format Version 12.00
# Visual Studio Version 16
VisualStudioVersion = 16.0.30621.155
MinimumVisualStudioVersion = 10.0.40219.1
Project("{FAE04EC0-301F-11D3-BF4B-00C04F79EFBC}") = "Komodo_menu", "Komodo_menu\Komodo_menu.csproj", "{64910230-0DD6-4581-9624-8B9F0A285F70}"
EndProject
Global
	GlobalSection(SolutionConfigurationPlatforms) = preSolution
		Debug|Any CPU = Debug|Any CPU
		Release|Any CPU = Release|Any CPU
	EndGlobalSection
	GlobalSection(ProjectConfigurationPlatforms) = postSolution
		{64910230-0DD6-4581-9624-8B9F0A285F70}.Debug|Any CPU.ActiveCfg = Debug|Any CPU
		{64910230-0DD6-4581-9624-8B9F0A285F70}.Debug|Any CPU.Build.0 = Debug|Any CPU
		{64910230-0DD6-4581-9624-8B9F0A285F70}.Release|Any CPU.ActiveCfg = Release|Any CPU
		{64910230-0DD6-4581-9624-8B9F0A285F70}.Release|Any CPU.Build.0 = Release|Any CPU
	EndGlobalSection
	GlobalSection(SolutionProperties) = preSolution
		HideSolutionNode = FALSE
	EndGlobalSection
	GlobalSection(ExtensibilityGlobals) = postSolution
		SolutionGuid = {0D4847D8-767C-49F4-8618-30BAA9EC4E61}
	EndGlobalSection
EndGlobal
